{"version":4,"terraform_version":"1.10.6","serial":7,"lineage":"57f83094-17aa-6c8a-3f2f-51f0c98929a9","outputs":{},"resources":[{"mode":"managed","type":"azurerm_resource_group","name":"rg","provider":"provider[\"registry.opentofu.org/hashicorp/azurerm\"]","instances":[{"schema_version":0,"attributes":{"id":"/subscriptions/d68dbc6a-4888-43b0-9dce-b9906c86be1a/resourceGroups/myTFResourceGroup","location":"westus2","name":"myTFResourceGroup","tags":null,"timeouts":null},"sensitive_attributes":[],"private":"eyJlMmJmYjczMC1lY2FhLTExZTYtOGY4OC0zNDM2M2JjN2M0YzAiOnsiY3JlYXRlIjo1NDAwMDAwMDAwMDAwLCJkZWxldGUiOjU0MDAwMDAwMDAwMDAsInJlYWQiOjMwMDAwMDAwMDAwMCwidXBkYXRlIjo1NDAwMDAwMDAwMDAwfX0="}]},{"mode":"managed","type":"azurerm_virtual_network","name":"vnet","provider":"provider[\"registry.opentofu.org/hashicorp/azurerm\"]","instances":[{"schema_version":0,"attributes":{"address_space":["10.0.0.0/16"],"bgp_community":"","ddos_protection_plan":[],"dns_servers":[],"edge_zone":"","flow_timeout_in_minutes":0,"guid":"f0b2b976-48f7-4af9-bda1-f5f0971128ce","id":"/subscriptions/d68dbc6a-4888-43b0-9dce-b9906c86be1a/resourceGroups/myTFResourceGroup/providers/Microsoft.Network/virtualNetworks/myTFVnet","location":"westus2","name":"myTFVnet","resource_group_name":"myTFResourceGroup","subnet":[],"tags":null,"timeouts":null},"sensitive_attributes":[],"private":"eyJlMmJmYjczMC1lY2FhLTExZTYtOGY4OC0zNDM2M2JjN2M0YzAiOnsiY3JlYXRlIjoxODAwMDAwMDAwMDAwLCJkZWxldGUiOjE4MDAwMDAwMDAwMDAsInJlYWQiOjMwMDAwMDAwMDAwMCwidXBkYXRlIjoxODAwMDAwMDAwMDAwfX0=","dependencies":["azurerm_resource_group.rg"]}]}],"check_results":null}
